
Microsoft Visual Studio Solution File, Format Version 12.00
# Visual Studio Version 17
VisualStudioVersion = 17.8.34322.80
MinimumVisualStudioVersion = 10.0.40219.1
Project("{FAE04EC0-301F-11D3-BF4B-00C04F79EFBC}") = "palindromeWord", "palindromeWord.csproj", "{8FB4CAAA-BC37-44AA-96F9-39DD7ADFCBCF}"
EndProject
Global
	GlobalSection(SolutionConfigurationPlatforms) = preSolution
		Debug|Any CPU = Debug|Any CPU
		Release|Any CPU = Release|Any CPU
	EndGlobalSection
	GlobalSection(ProjectConfigurationPlatforms) = postSolution
		{8FB4CAAA-BC37-44AA-96F9-39DD7ADFCBCF}.Debug|Any CPU.ActiveCfg = Debug|Any CPU
		{8FB4CAAA-BC37-44AA-96F9-39DD7ADFCBCF}.Debug|Any CPU.Build.0 = Debug|Any CPU
		{8FB4CAAA-BC37-44AA-96F9-39DD7ADFCBCF}.Release|Any CPU.ActiveCfg = Release|Any CPU
		{8FB4CAAA-BC37-44AA-96F9-39DD7ADFCBCF}.Release|Any CPU.Build.0 = Release|Any CPU
	EndGlobalSection
	GlobalSection(SolutionProperties) = preSolution
		HideSolutionNode = FALSE
	EndGlobalSection
	GlobalSection(ExtensibilityGlobals) = postSolution
		SolutionGuid = {EF508C9C-7515-4B7C-B222-6B9C17B06737}
	EndGlobalSection
EndGlobal
